// !$*UTF8*$!
{
	archiveVersion = 1;
	classes = {
	};
	objectVersion = 55;
	objects = {

/* Begin PBXBuildFile section */
		5388EFA981AD09FD61BB15E3 /* Pods_Zoluxiones.framework in Frameworks */ = {isa = PBXBuildFile; fileRef = 59829F2B7385736E0ACD6423 /* Pods_Zoluxiones.framework */; };
		95A625E9282F09D4007A425E /* AppDelegate.swift in Sources */ = {isa = PBXBuildFile; fileRef = 95A625E8282F09D4007A425E /* AppDelegate.swift */; };
		95A625EB282F09D4007A425E /* SceneDelegate.swift in Sources */ = {isa = PBXBuildFile; fileRef = 95A625EA282F09D4007A425E /* SceneDelegate.swift */; };
		95A625ED282F09D4007A425E /* ViewController.swift in Sources */ = {isa = PBXBuildFile; fileRef = 95A625EC282F09D4007A425E /* ViewController.swift */; };
		95A625F3282F09D4007A425E /* Zoluxiones.xcdatamodeld in Sources */ = {isa = PBXBuildFile; fileRef = 95A625F1282F09D4007A425E /* Zoluxiones.xcdatamodeld */; };
		95A625F5282F09D6007A425E /* Assets.xcassets in Resources */ = {isa = PBXBuildFile; fileRef = 95A625F4282F09D6007A425E /* Assets.xcassets */; };
		95A625F8282F09D6007A425E /* LaunchScreen.storyboard in Resources */ = {isa = PBXBuildFile; fileRef = 95A625F6282F09D6007A425E /* LaunchScreen.storyboard */; };
		95A62605282F0CA5007A425E /* CSWebServices.swift in Sources */ = {isa = PBXBuildFile; fileRef = 95A62604282F0CA5007A425E /* CSWebServices.swift */; };
		95A6260C282F0CD8007A425E /* ExtensionDate.swift in Sources */ = {isa = PBXBuildFile; fileRef = 95A62606282F0CD7007A425E /* ExtensionDate.swift */; };
		95A6260D282F0CD8007A425E /* WebServicesURL.swift in Sources */ = {isa = PBXBuildFile; fileRef = 95A62607282F0CD7007A425E /* WebServicesURL.swift */; };
		95A6260E282F0CD8007A425E /* ExtensionImage.swift in Sources */ = {isa = PBXBuildFile; fileRef = 95A62608282F0CD7007A425E /* ExtensionImage.swift */; };
		95A6260F282F0CD8007A425E /* ExtensionUIViewController.swift in Sources */ = {isa = PBXBuildFile; fileRef = 95A62609282F0CD7007A425E /* ExtensionUIViewController.swift */; };
		95A62610282F0CD8007A425E /* MessageAlert.swift in Sources */ = {isa = PBXBuildFile; fileRef = 95A6260A282F0CD7007A425E /* MessageAlert.swift */; };
		95A62611282F0CD8007A425E /* Closures.swift in Sources */ = {isa = PBXBuildFile; fileRef = 95A6260B282F0CD8007A425E /* Closures.swift */; };
		95A62617282F0E4E007A425E /* Login.storyboard in Resources */ = {isa = PBXBuildFile; fileRef = 95A62616282F0E4E007A425E /* Login.storyboard */; };
		95A62619282F0ECC007A425E /* Movie.storyboard in Resources */ = {isa = PBXBuildFile; fileRef = 95A62618282F0ECC007A425E /* Movie.storyboard */; };
		95A6261D282F0F30007A425E /* LoginViewController.swift in Sources */ = {isa = PBXBuildFile; fileRef = 95A6261C282F0F30007A425E /* LoginViewController.swift */; };
		95A6261F282F0F61007A425E /* MovieViewController.swift in Sources */ = {isa = PBXBuildFile; fileRef = 95A6261E282F0F61007A425E /* MovieViewController.swift */; };
		95A62624282F11CB007A425E /* LoginBL.swift in Sources */ = {isa = PBXBuildFile; fileRef = 95A62622282F11CB007A425E /* LoginBL.swift */; };
		95A62625282F11CB007A425E /* MovieBL.swift in Sources */ = {isa = PBXBuildFile; fileRef = 95A62623282F11CB007A425E /* MovieBL.swift */; };
		95A62627282F11D5007A425E /* ValidationNetwork.swift in Sources */ = {isa = PBXBuildFile; fileRef = 95A62626282F11D5007A425E /* ValidationNetwork.swift */; };
		95A62629282F11DF007A425E /* MovieWS.swift in Sources */ = {isa = PBXBuildFile; fileRef = 95A62628282F11DF007A425E /* MovieWS.swift */; };
		95A6262C282F124C007A425E /* CDMovie.swift in Sources */ = {isa = PBXBuildFile; fileRef = 95A6262B282F124C007A425E /* CDMovie.swift */; };
		95A6262E282F1272007A425E /* MovieBE.swift in Sources */ = {isa = PBXBuildFile; fileRef = 95A6262D282F1272007A425E /* MovieBE.swift */; };
/* End PBXBuildFile section */

/* Begin PBXFileReference section */
		10D45B3BB5543E288608A967 /* Pods-Zoluxiones.debug.xcconfig */ = {isa = PBXFileReference; includeInIndex = 1; lastKnownFileType = text.xcconfig; name = "Pods-Zoluxiones.debug.xcconfig"; path = "Target Support Files/Pods-Zoluxiones/Pods-Zoluxiones.debug.xcconfig"; sourceTree = "<group>"; };
		59829F2B7385736E0ACD6423 /* Pods_Zoluxiones.framework */ = {isa = PBXFileReference; explicitFileType = wrapper.framework; includeInIndex = 0; path = Pods_Zoluxiones.framework; sourceTree = BUILT_PRODUCTS_DIR; };
		95A625E5282F09D4007A425E /* Zoluxiones.app */ = {isa = PBXFileReference; explicitFileType = wrapper.application; includeInIndex = 0; path = Zoluxiones.app; sourceTree = BUILT_PRODUCTS_DIR; };
		95A625E8282F09D4007A425E /* AppDelegate.swift */ = {isa = PBXFileReference; lastKnownFileType = sourcecode.swift; path = AppDelegate.swift; sourceTree = "<group>"; };
		95A625EA282F09D4007A425E /* SceneDelegate.swift */ = {isa = PBXFileReference; lastKnownFileType = sourcecode.swift; path = SceneDelegate.swift; sourceTree = "<group>"; };
		95A625EC282F09D4007A425E /* ViewController.swift */ = {isa = PBXFileReference; lastKnownFileType = sourcecode.swift; path = ViewController.swift; sourceTree = "<group>"; };
		95A625F2282F09D4007A425E /* Zoluxiones.xcdatamodel */ = {isa = PBXFileReference; lastKnownFileType = wrapper.xcdatamodel; path = Zoluxiones.xcdatamodel; sourceTree = "<group>"; };
		95A625F4282F09D6007A425E /* Assets.xcassets */ = {isa = PBXFileReference; lastKnownFileType = folder.assetcatalog; path = Assets.xcassets; sourceTree = "<group>"; };
		95A625F7282F09D6007A425E /* Base */ = {isa = PBXFileReference; lastKnownFileType = file.storyboard; name = Base; path = Base.lproj/LaunchScreen.storyboard; sourceTree = "<group>"; };
		95A625F9282F09D6007A425E /* Info.plist */ = {isa = PBXFileReference; lastKnownFileType = text.plist.xml; path = Info.plist; sourceTree = "<group>"; };
		95A62604282F0CA5007A425E /* CSWebServices.swift */ = {isa = PBXFileReference; lastKnownFileType = sourcecode.swift; path = CSWebServices.swift; sourceTree = "<group>"; };
		95A62606282F0CD7007A425E /* ExtensionDate.swift */ = {isa = PBXFileReference; fileEncoding = 4; lastKnownFileType = sourcecode.swift; path = ExtensionDate.swift; sourceTree = "<group>"; };
		95A62607282F0CD7007A425E /* WebServicesURL.swift */ = {isa = PBXFileReference; fileEncoding = 4; lastKnownFileType = sourcecode.swift; path = WebServicesURL.swift; sourceTree = "<group>"; };
		95A62608282F0CD7007A425E /* ExtensionImage.swift */ = {isa = PBXFileReference; fileEncoding = 4; lastKnownFileType = sourcecode.swift; path = ExtensionImage.swift; sourceTree = "<group>"; };
		95A62609282F0CD7007A425E /* ExtensionUIViewController.swift */ = {isa = PBXFileReference; fileEncoding = 4; lastKnownFileType = sourcecode.swift; path = ExtensionUIViewController.swift; sourceTree = "<group>"; };
		95A6260A282F0CD7007A425E /* MessageAlert.swift */ = {isa = PBXFileReference; fileEncoding = 4; lastKnownFileType = sourcecode.swift; path = MessageAlert.swift; sourceTree = "<group>"; };
		95A6260B282F0CD8007A425E /* Closures.swift */ = {isa = PBXFileReference; fileEncoding = 4; lastKnownFileType = sourcecode.swift; path = Closures.swift; sourceTree = "<group>"; };
		95A62616282F0E4E007A425E /* Login.storyboard */ = {isa = PBXFileReference; lastKnownFileType = file.storyboard; path = Login.storyboard; sourceTree = "<group>"; };
		95A62618282F0ECC007A425E /* Movie.storyboard */ = {isa = PBXFileReference; lastKnownFileType = file.storyboard; path = Movie.storyboard; sourceTree = "<group>"; };
		95A6261C282F0F30007A425E /* LoginViewController.swift */ = {isa = PBXFileReference; lastKnownFileType = sourcecode.swift; path = LoginViewController.swift; sourceTree = "<group>"; };
		95A6261E282F0F61007A425E /* MovieViewController.swift */ = {isa = PBXFileReference; lastKnownFileType = sourcecode.swift; path = MovieViewController.swift; sourceTree = "<group>"; };
		95A62622282F11CB007A425E /* LoginBL.swift */ = {isa = PBXFileReference; fileEncoding = 4; lastKnownFileType = sourcecode.swift; path = LoginBL.swift; sourceTree = "<group>"; };
		95A62623282F11CB007A425E /* MovieBL.swift */ = {isa = PBXFileReference; fileEncoding = 4; lastKnownFileType = sourcecode.swift; path = MovieBL.swift; sourceTree = "<group>"; };
		95A62626282F11D5007A425E /* ValidationNetwork.swift */ = {isa = PBXFileReference; fileEncoding = 4; lastKnownFileType = sourcecode.swift; path = ValidationNetwork.swift; sourceTree = "<group>"; };
		95A62628282F11DF007A425E /* MovieWS.swift */ = {isa = PBXFileReference; fileEncoding = 4; lastKnownFileType = sourcecode.swift; path = MovieWS.swift; sourceTree = "<group>"; };
		95A6262B282F124C007A425E /* CDMovie.swift */ = {isa = PBXFileReference; fileEncoding = 4; lastKnownFileType = sourcecode.swift; path = CDMovie.swift; sourceTree = "<group>"; };
		95A6262D282F1272007A425E /* MovieBE.swift */ = {isa = PBXFileReference; fileEncoding = 4; lastKnownFileType = sourcecode.swift; path = MovieBE.swift; sourceTree = "<group>"; };
		BA804FAC304BDEAF7DA473FD /* Pods-Zoluxiones.release.xcconfig */ = {isa = PBXFileReference; includeInIndex = 1; lastKnownFileType = text.xcconfig; name = "Pods-Zoluxiones.release.xcconfig"; path = "Target Support Files/Pods-Zoluxiones/Pods-Zoluxiones.release.xcconfig"; sourceTree = "<group>"; };
/* End PBXFileReference section */

/* Begin PBXFrameworksBuildPhase section */
		95A625E2282F09D4007A425E /* Frameworks */ = {
			isa = PBXFrameworksBuildPhase;
			buildActionMask = 2147483647;
			files = (
				5388EFA981AD09FD61BB15E3 /* Pods_Zoluxiones.framework in Frameworks */,
			);
			runOnlyForDeploymentPostprocessing = 0;
		};
/* End PBXFrameworksBuildPhase section */

/* Begin PBXGroup section */
		310F6CBFB3C28C79C6B604CE /* Frameworks */ = {
			isa = PBXGroup;
			children = (
				59829F2B7385736E0ACD6423 /* Pods_Zoluxiones.framework */,
			);
			name = Frameworks;
			sourceTree = "<group>";
		};
		95A625DC282F09D4007A425E = {
			isa = PBXGroup;
			children = (
				95A625E7282F09D4007A425E /* Zoluxiones */,
				95A625E6282F09D4007A425E /* Products */,
				FDCA3576E7B109AEF771A655 /* Pods */,
				310F6CBFB3C28C79C6B604CE /* Frameworks */,
			);
			sourceTree = "<group>";
		};
		95A625E6282F09D4007A425E /* Products */ = {
			isa = PBXGroup;
			children = (
				95A625E5282F09D4007A425E /* Zoluxiones.app */,
			);
			name = Products;
			sourceTree = "<group>";
		};
		95A625E7282F09D4007A425E /* Zoluxiones */ = {
			isa = PBXGroup;
			children = (
				95A625E8282F09D4007A425E /* AppDelegate.swift */,
				95A625EA282F09D4007A425E /* SceneDelegate.swift */,
				95A625FF282F0C61007A425E /* iPhone */,
				95A625EC282F09D4007A425E /* ViewController.swift */,
				95A625F6282F09D6007A425E /* LaunchScreen.storyboard */,
				95A625F9282F09D6007A425E /* Info.plist */,
				95A625F1282F09D4007A425E /* Zoluxiones.xcdatamodeld */,
			);
			path = Zoluxiones;
			sourceTree = "<group>";
		};
		95A625FF282F0C61007A425E /* iPhone */ = {
			isa = PBXGroup;
			children = (
				95A62600282F0C6B007A425E /* Resources */,
				95A62601282F0C73007A425E /* ClassesGeneral */,
				95A62602282F0C7E007A425E /* API */,
				95A62603282F0C84007A425E /* MVVM */,
			);
			path = iPhone;
			sourceTree = "<group>";
		};
		95A62600282F0C6B007A425E /* Resources */ = {
			isa = PBXGroup;
			children = (
				95A625F4282F09D6007A425E /* Assets.xcassets */,
			);
			path = Resources;
			sourceTree = "<group>";
		};
		95A62601282F0C73007A425E /* ClassesGeneral */ = {
			isa = PBXGroup;
			children = (
				95A6260B282F0CD8007A425E /* Closures.swift */,
				95A62606282F0CD7007A425E /* ExtensionDate.swift */,
				95A62608282F0CD7007A425E /* ExtensionImage.swift */,
				95A62609282F0CD7007A425E /* ExtensionUIViewController.swift */,
				95A6260A282F0CD7007A425E /* MessageAlert.swift */,
				95A62607282F0CD7007A425E /* WebServicesURL.swift */,
			);
			path = ClassesGeneral;
			sourceTree = "<group>";
		};
		95A62602282F0C7E007A425E /* API */ = {
			isa = PBXGroup;
			children = (
				95A6262A282F1240007A425E /* CoreData */,
				95A62621282F11AF007A425E /* WS */,
				95A62620282F11AB007A425E /* BL */,
				95A62604282F0CA5007A425E /* CSWebServices.swift */,
			);
			path = API;
			sourceTree = "<group>";
		};
		95A62603282F0C84007A425E /* MVVM */ = {
			isa = PBXGroup;
			children = (
				95A62612282F0DDC007A425E /* Models */,
				95A62614282F0E10007A425E /* View */,
				95A62613282F0DE3007A425E /* ViewModels */,
			);
			path = MVVM;
			sourceTree = "<group>";
		};
		95A62612282F0DDC007A425E /* Models */ = {
			isa = PBXGroup;
			children = (
				95A6262D282F1272007A425E /* MovieBE.swift */,
			);
			path = Models;
			sourceTree = "<group>";
		};
		95A62613282F0DE3007A425E /* ViewModels */ = {
			isa = PBXGroup;
			children = (
			);
			path = ViewModels;
			sourceTree = "<group>";
		};
		95A62614282F0E10007A425E /* View */ = {
			isa = PBXGroup;
			children = (
				95A62615282F0E2F007A425E /* Controllers */,
			);
			path = View;
			sourceTree = "<group>";
		};
		95A62615282F0E2F007A425E /* Controllers */ = {
			isa = PBXGroup;
			children = (
				95A6261A282F0ECF007A425E /* Login */,
				95A6261B282F0ED3007A425E /* Movie */,
			);
			path = Controllers;
			sourceTree = "<group>";
		};
		95A6261A282F0ECF007A425E /* Login */ = {
			isa = PBXGroup;
			children = (
				95A62616282F0E4E007A425E /* Login.storyboard */,
				95A6261C282F0F30007A425E /* LoginViewController.swift */,
			);
			path = Login;
			sourceTree = "<group>";
		};
		95A6261B282F0ED3007A425E /* Movie */ = {
			isa = PBXGroup;
			children = (
				95A62618282F0ECC007A425E /* Movie.storyboard */,
				95A6261E282F0F61007A425E /* MovieViewController.swift */,
			);
			path = Movie;
			sourceTree = "<group>";
		};
		95A62620282F11AB007A425E /* BL */ = {
			isa = PBXGroup;
			children = (
				95A62626282F11D5007A425E /* ValidationNetwork.swift */,
				95A62622282F11CB007A425E /* LoginBL.swift */,
				95A62623282F11CB007A425E /* MovieBL.swift */,
			);
			path = BL;
			sourceTree = "<group>";
		};
		95A62621282F11AF007A425E /* WS */ = {
			isa = PBXGroup;
			children = (
				95A62628282F11DF007A425E /* MovieWS.swift */,
			);
			path = WS;
			sourceTree = "<group>";
		};
		95A6262A282F1240007A425E /* CoreData */ = {
			isa = PBXGroup;
			children = (
				95A6262B282F124C007A425E /* CDMovie.swift */,
			);
			path = CoreData;
			sourceTree = "<group>";
		};
		FDCA3576E7B109AEF771A655 /* Pods */ = {
			isa = PBXGroup;
			children = (
				10D45B3BB5543E288608A967 /* Pods-Zoluxiones.debug.xcconfig */,
				BA804FAC304BDEAF7DA473FD /* Pods-Zoluxiones.release.xcconfig */,
			);
			path = Pods;
			sourceTree = "<group>";
		};
/* End PBXGroup section */

/* Begin PBXNativeTarget section */
		95A625E4282F09D4007A425E /* Zoluxiones */ = {
			isa = PBXNativeTarget;
			buildConfigurationList = 95A625FC282F09D6007A425E /* Build configuration list for PBXNativeTarget "Zoluxiones" */;
			buildPhases = (
				4ACD8128400BADA7C7633C1F /* [CP] Check Pods Manifest.lock */,
				95A625E1282F09D4007A425E /* Sources */,
				95A625E2282F09D4007A425E /* Frameworks */,
				95A625E3282F09D4007A425E /* Resources */,
				C6A9047AB2DCE631A2D9A896 /* [CP] Embed Pods Frameworks */,
			);
			buildRules = (
			);
			dependencies = (
			);
			name = Zoluxiones;
			productName = Zoluxiones;
			productReference = 95A625E5282F09D4007A425E /* Zoluxiones.app */;
			productType = "com.apple.product-type.application";
		};
/* End PBXNativeTarget section */

/* Begin PBXProject section */
		95A625DD282F09D4007A425E /* Project object */ = {
			isa = PBXProject;
			attributes = {
				BuildIndependentTargetsInParallel = 1;
				LastSwiftUpdateCheck = 1330;
				LastUpgradeCheck = 1330;
				TargetAttributes = {
					95A625E4282F09D4007A425E = {
						CreatedOnToolsVersion = 13.3.1;
					};
				};
			};
			buildConfigurationList = 95A625E0282F09D4007A425E /* Build configuration list for PBXProject "Zoluxiones" */;
			compatibilityVersion = "Xcode 13.0";
			developmentRegion = en;
			hasScannedForEncodings = 0;
			knownRegions = (
				en,
				Base,
			);
			mainGroup = 95A625DC282F09D4007A425E;
			productRefGroup = 95A625E6282F09D4007A425E /* Products */;
			projectDirPath = "";
			projectRoot = "";
			targets = (
				95A625E4282F09D4007A425E /* Zoluxiones */,
			);
		};
/* End PBXProject section */

/* Begin PBXResourcesBuildPhase section */
		95A625E3282F09D4007A425E /* Resources */ = {
			isa = PBXResourcesBuildPhase;
			buildActionMask = 2147483647;
			files = (
				95A62619282F0ECC007A425E /* Movie.storyboard in Resources */,
				95A62617282F0E4E007A425E /* Login.storyboard in Resources */,
				95A625F8282F09D6007A425E /* LaunchScreen.storyboard in Resources */,
				95A625F5282F09D6007A425E /* Assets.xcassets in Resources */,
			);
			runOnlyForDeploymentPostprocessing = 0;
		};
/* End PBXResourcesBuildPhase section */

/* Begin PBXShellScriptBuildPhase section */
		4ACD8128400BADA7C7633C1F /* [CP] Check Pods Manifest.lock */ = {
			isa = PBXShellScriptBuildPhase;
			buildActionMask = 2147483647;
			files = (
			);
			inputFileListPaths = (
			);
			inputPaths = (
				"${PODS_PODFILE_DIR_PATH}/Podfile.lock",
				"${PODS_ROOT}/Manifest.lock",
			);
			name = "[CP] Check Pods Manifest.lock";
			outputFileListPaths = (
			);
			outputPaths = (
				"$(DERIVED_FILE_DIR)/Pods-Zoluxiones-checkManifestLockResult.txt",
			);
			runOnlyForDeploymentPostprocessing = 0;
			shellPath = /bin/sh;
			shellScript = "diff \"${PODS_PODFILE_DIR_PATH}/Podfile.lock\" \"${PODS_ROOT}/Manifest.lock\" > /dev/null\nif [ $? != 0 ] ; then\n    # print error to STDERR\n    echo \"error: The sandbox is not in sync with the Podfile.lock. Run 'pod install' or update your CocoaPods installation.\" >&2\n    exit 1\nfi\n# This output is used by Xcode 'outputs' to avoid re-running this script phase.\necho \"SUCCESS\" > \"${SCRIPT_OUTPUT_FILE_0}\"\n";
			showEnvVarsInLog = 0;
		};
		C6A9047AB2DCE631A2D9A896 /* [CP] Embed Pods Frameworks */ = {
			isa = PBXShellScriptBuildPhase;
			buildActionMask = 2147483647;
			files = (
			);
			inputFileListPaths = (
				"${PODS_ROOT}/Target Support Files/Pods-Zoluxiones/Pods-Zoluxiones-frameworks-${CONFIGURATION}-input-files.xcfilelist",
			);
			name = "[CP] Embed Pods Frameworks";
			outputFileListPaths = (
				"${PODS_ROOT}/Target Support Files/Pods-Zoluxiones/Pods-Zoluxiones-frameworks-${CONFIGURATION}-output-files.xcfilelist",
			);
			runOnlyForDeploymentPostprocessing = 0;
			shellPath = /bin/sh;
			shellScript = "\"${PODS_ROOT}/Target Support Files/Pods-Zoluxiones/Pods-Zoluxiones-frameworks.sh\"\n";
			showEnvVarsInLog = 0;
		};
/* End PBXShellScriptBuildPhase section */

/* Begin PBXSourcesBuildPhase section */
		95A625E1282F09D4007A425E /* Sources */ = {
			isa = PBXSourcesBuildPhase;
			buildActionMask = 2147483647;
			files = (
				95A6261F282F0F61007A425E /* MovieViewController.swift in Sources */,
				95A62629282F11DF007A425E /* MovieWS.swift in Sources */,
				95A62624282F11CB007A425E /* LoginBL.swift in Sources */,
				95A6262C282F124C007A425E /* CDMovie.swift in Sources */,
				95A6261D282F0F30007A425E /* LoginViewController.swift in Sources */,
				95A625ED282F09D4007A425E /* ViewController.swift in Sources */,
				95A62625282F11CB007A425E /* MovieBL.swift in Sources */,
				95A6260C282F0CD8007A425E /* ExtensionDate.swift in Sources */,
				95A62605282F0CA5007A425E /* CSWebServices.swift in Sources */,
				95A62627282F11D5007A425E /* ValidationNetwork.swift in Sources */,
				95A6260F282F0CD8007A425E /* ExtensionUIViewController.swift in Sources */,
				95A625E9282F09D4007A425E /* AppDelegate.swift in Sources */,
				95A625EB282F09D4007A425E /* SceneDelegate.swift in Sources */,
				95A625F3282F09D4007A425E /* Zoluxiones.xcdatamodeld in Sources */,
				95A6260D282F0CD8007A425E /* WebServicesURL.swift in Sources */,
				95A6262E282F1272007A425E /* MovieBE.swift in Sources */,
				95A62610282F0CD8007A425E /* MessageAlert.swift in Sources */,
				95A6260E282F0CD8007A425E /* ExtensionImage.swift in Sources */,
				95A62611282F0CD8007A425E /* Closures.swift in Sources */,
			);
			runOnlyForDeploymentPostprocessing = 0;
		};
/* End PBXSourcesBuildPhase section */

/* Begin PBXVariantGroup section */
		95A625F6282F09D6007A425E /* LaunchScreen.storyboard */ = {
			isa = PBXVariantGroup;
			children = (
				95A625F7282F09D6007A425E /* Base */,
			);
			name = LaunchScreen.storyboard;
			sourceTree = "<group>";
		};
/* End PBXVariantGroup section */

/* Begin XCBuildConfiguration section */
		95A625FA282F09D6007A425E /* Debug */ = {
			isa = XCBuildConfiguration;
			buildSettings = {
				ALWAYS_SEARCH_USER_PATHS = NO;
				CLANG_ANALYZER_NONNULL = YES;
				CLANG_ANALYZER_NUMBER_OBJECT_CONVERSION = YES_AGGRESSIVE;
				CLANG_CXX_LANGUAGE_STANDARD = "gnu++17";
				CLANG_ENABLE_MODULES = YES;
				CLANG_ENABLE_OBJC_ARC = YES;
				CLANG_ENABLE_OBJC_WEAK = YES;
				CLANG_WARN_BLOCK_CAPTURE_AUTORELEASING = YES;
				CLANG_WARN_BOOL_CONVERSION = YES;
				CLANG_WARN_COMMA = YES;
				CLANG_WARN_CONSTANT_CONVERSION = YES;
				CLANG_WARN_DEPRECATED_OBJC_IMPLEMENTATIONS = YES;
				CLANG_WARN_DIRECT_OBJC_ISA_USAGE = YES_ERROR;
				CLANG_WARN_DOCUMENTATION_COMMENTS = YES;
				CLANG_WARN_EMPTY_BODY = YES;
				CLANG_WARN_ENUM_CONVERSION = YES;
				CLANG_WARN_INFINITE_RECURSION = YES;
				CLANG_WARN_INT_CONVERSION = YES;
				CLANG_WARN_NON_LITERAL_NULL_CONVERSION = YES;
				CLANG_WARN_OBJC_IMPLICIT_RETAIN_SELF = YES;
				CLANG_WARN_OBJC_LITERAL_CONVERSION = YES;
				CLANG_WARN_OBJC_ROOT_CLASS = YES_ERROR;
				CLANG_WARN_QUOTED_INCLUDE_IN_FRAMEWORK_HEADER = YES;
				CLANG_WARN_RANGE_LOOP_ANALYSIS = YES;
				CLANG_WARN_STRICT_PROTOTYPES = YES;
				CLANG_WARN_SUSPICIOUS_MOVE = YES;
				CLANG_WARN_UNGUARDED_AVAILABILITY = YES_AGGRESSIVE;
				CLANG_WARN_UNREACHABLE_CODE = YES;
				CLANG_WARN__DUPLICATE_METHOD_MATCH = YES;
				COPY_PHASE_STRIP = NO;
				DEBUG_INFORMATION_FORMAT = dwarf;
				ENABLE_STRICT_OBJC_MSGSEND = YES;
				ENABLE_TESTABILITY = YES;
				GCC_C_LANGUAGE_STANDARD = gnu11;
				GCC_DYNAMIC_NO_PIC = NO;
				GCC_NO_COMMON_BLOCKS = YES;
				GCC_OPTIMIZATION_LEVEL = 0;
				GCC_PREPROCESSOR_DEFINITIONS = (
					"DEBUG=1",
					"$(inherited)",
				);
				GCC_WARN_64_TO_32_BIT_CONVERSION = YES;
				GCC_WARN_ABOUT_RETURN_TYPE = YES_ERROR;
				GCC_WARN_UNDECLARED_SELECTOR = YES;
				GCC_WARN_UNINITIALIZED_AUTOS = YES_AGGRESSIVE;
				GCC_WARN_UNUSED_FUNCTION = YES;
				GCC_WARN_UNUSED_VARIABLE = YES;
				IPHONEOS_DEPLOYMENT_TARGET = 15.4;
				MTL_ENABLE_DEBUG_INFO = INCLUDE_SOURCE;
				MTL_FAST_MATH = YES;
				ONLY_ACTIVE_ARCH = YES;
				SDKROOT = iphoneos;
				SWIFT_ACTIVE_COMPILATION_CONDITIONS = DEBUG;
				SWIFT_OPTIMIZATION_LEVEL = "-Onone";
			};
			name = Debug;
		};
		95A625FB282F09D6007A425E /* Release */ = {
			isa = XCBuildConfiguration;
			buildSettings = {
				ALWAYS_SEARCH_USER_PATHS = NO;
				CLANG_ANALYZER_NONNULL = YES;
				CLANG_ANALYZER_NUMBER_OBJECT_CONVERSION = YES_AGGRESSIVE;
				CLANG_CXX_LANGUAGE_STANDARD = "gnu++17";
				CLANG_ENABLE_MODULES = YES;
				CLANG_ENABLE_OBJC_ARC = YES;
				CLANG_ENABLE_OBJC_WEAK = YES;
				CLANG_WARN_BLOCK_CAPTURE_AUTORELEASING = YES;
				CLANG_WARN_BOOL_CONVERSION = YES;
				CLANG_WARN_COMMA = YES;
				CLANG_WARN_CONSTANT_CONVERSION = YES;
				CLANG_WARN_DEPRECATED_OBJC_IMPLEMENTATIONS = YES;
				CLANG_WARN_DIRECT_OBJC_ISA_USAGE = YES_ERROR;
				CLANG_WARN_DOCUMENTATION_COMMENTS = YES;
				CLANG_WARN_EMPTY_BODY = YES;
				CLANG_WARN_ENUM_CONVERSION = YES;
				CLANG_WARN_INFINITE_RECURSION = YES;
				CLANG_WARN_INT_CONVERSION = YES;
				CLANG_WARN_NON_LITERAL_NULL_CONVERSION = YES;
				CLANG_WARN_OBJC_IMPLICIT_RETAIN_SELF = YES;
				CLANG_WARN_OBJC_LITERAL_CONVERSION = YES;
				CLANG_WARN_OBJC_ROOT_CLASS = YES_ERROR;
				CLANG_WARN_QUOTED_INCLUDE_IN_FRAMEWORK_HEADER = YES;
				CLANG_WARN_RANGE_LOOP_ANALYSIS = YES;
				CLANG_WARN_STRICT_PROTOTYPES = YES;
				CLANG_WARN_SUSPICIOUS_MOVE = YES;
				CLANG_WARN_UNGUARDED_AVAILABILITY = YES_AGGRESSIVE;
				CLANG_WARN_UNREACHABLE_CODE = YES;
				CLANG_WARN__DUPLICATE_METHOD_MATCH = YES;
				COPY_PHASE_STRIP = NO;
				DEBUG_INFORMATION_FORMAT = "dwarf-with-dsym";
				ENABLE_NS_ASSERTIONS = NO;
				ENABLE_STRICT_OBJC_MSGSEND = YES;
				GCC_C_LANGUAGE_STANDARD = gnu11;
				GCC_NO_COMMON_BLOCKS = YES;
				GCC_WARN_64_TO_32_BIT_CONVERSION = YES;
				GCC_WARN_ABOUT_RETURN_TYPE = YES_ERROR;
				GCC_WARN_UNDECLARED_SELECTOR = YES;
				GCC_WARN_UNINITIALIZED_AUTOS = YES_AGGRESSIVE;
				GCC_WARN_UNUSED_FUNCTION = YES;
				GCC_WARN_UNUSED_VARIABLE = YES;
				IPHONEOS_DEPLOYMENT_TARGET = 15.4;
				MTL_ENABLE_DEBUG_INFO = NO;
				MTL_FAST_MATH = YES;
				SDKROOT = iphoneos;
				SWIFT_COMPILATION_MODE = wholemodule;
				SWIFT_OPTIMIZATION_LEVEL = "-O";
				VALIDATE_PRODUCT = YES;
			};
			name = Release;
		};
		95A625FD282F09D6007A425E /* Debug */ = {
			isa = XCBuildConfiguration;
			baseConfigurationReference = 10D45B3BB5543E288608A967 /* Pods-Zoluxiones.debug.xcconfig */;
			buildSettings = {
				ASSETCATALOG_COMPILER_APPICON_NAME = AppIcon;
				ASSETCATALOG_COMPILER_GLOBAL_ACCENT_COLOR_NAME = AccentColor;
				CODE_SIGN_STYLE = Automatic;
				CURRENT_PROJECT_VERSION = 1;
				DEVELOPMENT_TEAM = 38VT3MSS8Q;
				GENERATE_INFOPLIST_FILE = YES;
				INFOPLIST_FILE = Zoluxiones/Info.plist;
				INFOPLIST_KEY_UIApplicationSupportsIndirectInputEvents = YES;
				INFOPLIST_KEY_UILaunchStoryboardName = LaunchScreen;
				INFOPLIST_KEY_UIMainStoryboardFile = Login;
				INFOPLIST_KEY_UISupportedInterfaceOrientations_iPad = UIInterfaceOrientationPortrait;
				INFOPLIST_KEY_UISupportedInterfaceOrientations_iPhone = UIInterfaceOrientationPortrait;
				INFOPLIST_KEY_UIUserInterfaceStyle = Ligth;
				LD_RUNPATH_SEARCH_PATHS = (
					"$(inherited)",
					"@executable_path/Frameworks",
				);
				MARKETING_VERSION = 1.0;
				PRODUCT_BUNDLE_IDENTIFIER = com.ynonan.Zoluxiones;
				PRODUCT_NAME = "$(TARGET_NAME)";
				SWIFT_EMIT_LOC_STRINGS = YES;
				SWIFT_VERSION = 5.0;
				TARGETED_DEVICE_FAMILY = "1,2";
			};
			name = Debug;
		};
		95A625FE282F09D6007A425E /* Release */ = {
			isa = XCBuildConfiguration;
			baseConfigurationReference = BA804FAC304BDEAF7DA473FD /* Pods-Zoluxiones.release.xcconfig */;
			buildSettings = {
				ASSETCATALOG_COMPILER_APPICON_NAME = AppIcon;
				ASSETCATALOG_COMPILER_GLOBAL_ACCENT_COLOR_NAME = AccentColor;
				CODE_SIGN_STYLE = Automatic;
				CURRENT_PROJECT_VERSION = 1;
				DEVELOPMENT_TEAM = 38VT3MSS8Q;
				GENERATE_INFOPLIST_FILE = YES;
				INFOPLIST_FILE = Zoluxiones/Info.plist;
				INFOPLIST_KEY_UIApplicationSupportsIndirectInputEvents = YES;
				INFOPLIST_KEY_UILaunchStoryboardName = LaunchScreen;
				INFOPLIST_KEY_UIMainStoryboardFile = Login;
				INFOPLIST_KEY_UISupportedInterfaceOrientations_iPad = UIInterfaceOrientationPortrait;
				INFOPLIST_KEY_UISupportedInterfaceOrientations_iPhone = UIInterfaceOrientationPortrait;
				INFOPLIST_KEY_UIUserInterfaceStyle = Ligth;
				LD_RUNPATH_SEARCH_PATHS = (
					"$(inherited)",
					"@executable_path/Frameworks",
				);
				MARKETING_VERSION = 1.0;
				PRODUCT_BUNDLE_IDENTIFIER = com.ynonan.Zoluxiones;
				PRODUCT_NAME = "$(TARGET_NAME)";
				SWIFT_EMIT_LOC_STRINGS = YES;
				SWIFT_VERSION = 5.0;
				TARGETED_DEVICE_FAMILY = "1,2";
			};
			name = Release;
		};
/* End XCBuildConfiguration section */

/* Begin XCConfigurationList section */
		95A625E0282F09D4007A425E /* Build configuration list for PBXProject "Zoluxiones" */ = {
			isa = XCConfigurationList;
			buildConfigurations = (
				95A625FA282F09D6007A425E /* Debug */,
				95A625FB282F09D6007A425E /* Release */,
			);
			defaultConfigurationIsVisible = 0;
			defaultConfigurationName = Release;
		};
		95A625FC282F09D6007A425E /* Build configuration list for PBXNativeTarget "Zoluxiones" */ = {
			isa = XCConfigurationList;
			buildConfigurations = (
				95A625FD282F09D6007A425E /* Debug */,
				95A625FE282F09D6007A425E /* Release */,
			);
			defaultConfigurationIsVisible = 0;
			defaultConfigurationName = Release;
		};
/* End XCConfigurationList section */

/* Begin XCVersionGroup section */
		95A625F1282F09D4007A425E /* Zoluxiones.xcdatamodeld */ = {
			isa = XCVersionGroup;
			children = (
				95A625F2282F09D4007A425E /* Zoluxiones.xcdatamodel */,
			);
			currentVersion = 95A625F2282F09D4007A425E /* Zoluxiones.xcdatamodel */;
			path = Zoluxiones.xcdatamodeld;
			sourceTree = "<group>";
			versionGroupType = wrapper.xcdatamodel;
		};
/* End XCVersionGroup section */
	};
	rootObject = 95A625DD282F09D4007A425E /* Project object */;
}
